{
    "_readme": [
        "This file locks the dependencies of your project to a known state",
        "Read more about it at https://getcomposer.org/doc/01-basic-usage.md#composer-lock-the-lock-file",
        "This file is @generated automatically"
    ],
    "hash": "8d442a66f280be61e0f835baabcbee16",
    "content-hash": "e66618cb3fe1fb4e08008f32da5e7bc8",
    "packages": [
        {
            "name": "components/flag-icon-css",
            "version": "0.8.4",
            "source": {
                "type": "git",
                "url": "https://github.com/lipis/flag-icon-css.git",
                "reference": "ee0f8d5bdfdcd75b2fe1db21e4486b18c250b227"
            },
            "dist": {
                "type": "zip",
                "url": "https://api.github.com/repos/lipis/flag-icon-css/zipball/ee0f8d5bdfdcd75b2fe1db21e4486b18c250b227",
                "reference": "ee0f8d5bdfdcd75b2fe1db21e4486b18c250b227",
                "shasum": ""
            },
            "type": "component",
            "extra": {
                "component": {
                    "name": "flag-icon-css",
                    "files": [
                        "less/**",
                        "css/**",
                        "flags/**"
                    ]
                }
            },
            "notification-url": "https://packagist.org/downloads/",
            "license": [
                "MIT"
            ],
            "authors": [
                {
                    "name": "Panayiotis Lipiridis (Lipis)",
                    "email": "lipiridis@gmail.com"
                }
            ],
            "description": "CSS for vector based country flags",
            "time": "2015-10-27 15:07:00"
        },
        {
            "name": "fortawesome/font-awesome",
            "version": "v4.4.0",
            "source": {
                "type": "git",
                "url": "https://github.com/FortAwesome/Font-Awesome.git",
                "reference": "e554555d73a44e0a7d11b0361ad7a5325a5f551c"
            },
            "dist": {
                "type": "zip",
                "url": "https://api.github.com/repos/FortAwesome/Font-Awesome/zipball/e554555d73a44e0a7d11b0361ad7a5325a5f551c",
                "reference": "e554555d73a44e0a7d11b0361ad7a5325a5f551c",
                "shasum": ""
            },
            "require-dev": {
                "jekyll": "1.0.2",
                "lessc": "1.4.2"
            },
            "type": "library",
            "extra": {
                "branch-alias": {
                    "dev-master": "4.0.x-dev"
                }
            },
            "notification-url": "https://packagist.org/downloads/",
            "license": [
                "OFL-1.1",
                "MIT"
            ],
            "authors": [
                {
                    "name": "Dave Gandy",
                    "email": "dave@fontawesome.io",
                    "homepage": "http://twitter.com/davegandy",
                    "role": "Developer"
                }
            ],
            "description": "The iconic font and CSS framework",
            "homepage": "http://fontawesome.io/",
            "keywords": [
                "FontAwesome",
                "awesome",
                "bootstrap",
                "font",
                "icon"
            ],
            "time": "2015-07-28 21:55:03"
        }
    ],
    "packages-dev": [],
    "aliases": [],
    "minimum-stability": "stable",
    "stability-flags": [],
    "prefer-stable": true,
    "prefer-lowest": false,
    "platform": [],
    "platform-dev": []
}
