{
    "_readme": [
        "This file locks the dependencies of your project to a known state",
        "Read more about it at https://getcomposer.org/doc/01-basic-usage.md#installing-dependencies",
        "This file is @generated automatically"
    ],
    "content-hash": "8fbd8b42746fdb025603e91bf63181da",
    "packages": [
        {
            "name": "components/flag-icon-css",
            "version": "v7.2.3",
            "source": {
                "type": "git",
                "url": "https://github.com/lipis/flag-icons.git",
                "reference": "5667d75be0c0396f29fdc73e2b2e341d0e702843"
            },
            "dist": {
                "type": "zip",
                "url": "https://api.github.com/repos/lipis/flag-icons/zipball/5667d75be0c0396f29fdc73e2b2e341d0e702843",
                "reference": "5667d75be0c0396f29fdc73e2b2e341d0e702843",
                "shasum": ""
            },
            "type": "library",
            "notification-url": "https://packagist.org/downloads/",
            "license": [
                "MIT"
            ],
            "authors": [
                {
                    "name": "Panayiotis Lipiridis",
                    "email": "lipiridis@gmail.com",
                    "role": "Lead"
                }
            ],
            "description": "A curated collection of all country flags in SVG — plus the CSS for easier integration.",
            "homepage": "https://flagicons.lipis.dev",
            "keywords": [
                "country",
                "country-flags",
                "css",
                "icon-css",
                "svg"
            ],
            "support": {
                "issues": "https://github.com/lipis/flag-icons/issues",
                "source": "https://github.com/lipis/flag-icons/tree/v7.2.3"
            },
            "time": "2024-05-29T11:01:19+00:00"
        },
        {
            "name": "fortawesome/font-awesome",
            "version": "6.6.0",
            "source": {
                "type": "git",
                "url": "https://github.com/FortAwesome/Font-Awesome.git",
                "reference": "37eff7fa00de26db41183a3ad8ed0e9119fbc44b"
            },
            "dist": {
                "type": "zip",
                "url": "https://api.github.com/repos/FortAwesome/Font-Awesome/zipball/37eff7fa00de26db41183a3ad8ed0e9119fbc44b",
                "reference": "37eff7fa00de26db41183a3ad8ed0e9119fbc44b",
                "shasum": ""
            },
            "type": "library",
            "notification-url": "https://packagist.org/downloads/",
            "license": [
                "CC-BY-4.0",
                "OFL-1.1",
                "MIT"
            ],
            "authors": [
                {
                    "name": "The Font Awesome Team",
                    "homepage": "https://github.com/orgs/FortAwesome/people"
                }
            ],
            "description": "The iconic font, CSS, and SVG framework",
            "homepage": "https://fontawesome.com",
            "keywords": [
                "FontAwesome",
                "awesome",
                "bootstrap",
                "font",
                "icon",
                "svg"
            ],
            "support": {
                "docs": "http://fontawesome.com/docs",
                "email": "hello@fontawesome.com",
                "issues": "https://github.com/FortAwesome/Font-Awesome/issues",
                "source": "https://github.com/FortAwesome/Font-Awesome"
            },
            "time": "2024-07-16T17:13:31+00:00"
        }
    ],
    "packages-dev": [],
    "aliases": [],
    "minimum-stability": "stable",
    "stability-flags": {},
    "prefer-stable": true,
    "prefer-lowest": false,
    "platform": {},
    "platform-dev": {},
    "plugin-api-version": "2.6.0"
}
